
Microsoft Visual Studio Solution File, Format Version 12.00
# Visual Studio Version 16
VisualStudioVersion = 16.0.31605.320
MinimumVisualStudioVersion = 10.0.40219.1
Project("{8BC9CEB8-8B4A-11D0-8D11-00A0C91BC942}") = "zecooEngine", "zecooEngine\zecooEngine.vcxproj", "{E3450B61-6D2E-403D-81D1-3C83452E3D9E}"
	ProjectSection(ProjectDependencies) = postProject
		{46583D0E-B53B-3867-A0E0-815D5BF97C06} = {46583D0E-B53B-3867-A0E0-815D5BF97C06}
		{4620913C-FF57-3EFD-A85F-1DD8C1063857} = {4620913C-FF57-3EFD-A85F-1DD8C1063857}
		{0A788A52-6C8F-35DC-9195-39CD8A831CA4} = {0A788A52-6C8F-35DC-9195-39CD8A831CA4}
	EndProjectSection
EndProject
Project("{8BC9CEB8-8B4A-11D0-8D11-00A0C91BC942}") = "ZERO_CHECK", "zecooEngine\Vendor\bullet3-3.17\build\ZERO_CHECK.vcxproj", "{94E424FA-D42C-325F-9220-BD6FE02F6605}"
EndProject
Project("{8BC9CEB8-8B4A-11D0-8D11-00A0C91BC942}") = "BulletCollision", "zecooEngine\Vendor\bullet3-3.17\build\src\BulletCollision\BulletCollision.vcxproj", "{4620913C-FF57-3EFD-A85F-1DD8C1063857}"
EndProject
Project("{8BC9CEB8-8B4A-11D0-8D11-00A0C91BC942}") = "BulletDynamics", "zecooEngine\Vendor\bullet3-3.17\build\src\BulletDynamics\BulletDynamics.vcxproj", "{0A788A52-6C8F-35DC-9195-39CD8A831CA4}"
EndProject
Project("{8BC9CEB8-8B4A-11D0-8D11-00A0C91BC942}") = "LinearMath", "zecooEngine\Vendor\bullet3-3.17\build\src\LinearMath\LinearMath.vcxproj", "{46583D0E-B53B-3867-A0E0-815D5BF97C06}"
EndProject
Global
	GlobalSection(SolutionConfigurationPlatforms) = preSolution
		Debug|x64 = Debug|x64
		Debug|x86 = Debug|x86
		MinSizeRel|x64 = MinSizeRel|x64
		MinSizeRel|x86 = MinSizeRel|x86
		Release|x64 = Release|x64
		Release|x86 = Release|x86
		RelWithDebInfo|x64 = RelWithDebInfo|x64
		RelWithDebInfo|x86 = RelWithDebInfo|x86
	EndGlobalSection
	GlobalSection(ProjectConfigurationPlatforms) = postSolution
		{E3450B61-6D2E-403D-81D1-3C83452E3D9E}.Debug|x64.ActiveCfg = Debug|x64
		{E3450B61-6D2E-403D-81D1-3C83452E3D9E}.Debug|x64.Build.0 = Debug|x64
		{E3450B61-6D2E-403D-81D1-3C83452E3D9E}.Debug|x86.ActiveCfg = Debug|Win32
		{E3450B61-6D2E-403D-81D1-3C83452E3D9E}.Debug|x86.Build.0 = Debug|Win32
		{E3450B61-6D2E-403D-81D1-3C83452E3D9E}.MinSizeRel|x64.ActiveCfg = Release|x64
		{E3450B61-6D2E-403D-81D1-3C83452E3D9E}.MinSizeRel|x64.Build.0 = Release|x64
		{E3450B61-6D2E-403D-81D1-3C83452E3D9E}.MinSizeRel|x86.ActiveCfg = Release|Win32
		{E3450B61-6D2E-403D-81D1-3C83452E3D9E}.MinSizeRel|x86.Build.0 = Release|Win32
		{E3450B61-6D2E-403D-81D1-3C83452E3D9E}.Release|x64.ActiveCfg = Release|x64
		{E3450B61-6D2E-403D-81D1-3C83452E3D9E}.Release|x64.Build.0 = Release|x64
		{E3450B61-6D2E-403D-81D1-3C83452E3D9E}.Release|x86.ActiveCfg = Release|Win32
		{E3450B61-6D2E-403D-81D1-3C83452E3D9E}.Release|x86.Build.0 = Release|Win32
		{E3450B61-6D2E-403D-81D1-3C83452E3D9E}.RelWithDebInfo|x64.ActiveCfg = Release|x64
		{E3450B61-6D2E-403D-81D1-3C83452E3D9E}.RelWithDebInfo|x64.Build.0 = Release|x64
		{E3450B61-6D2E-403D-81D1-3C83452E3D9E}.RelWithDebInfo|x86.ActiveCfg = Release|Win32
		{E3450B61-6D2E-403D-81D1-3C83452E3D9E}.RelWithDebInfo|x86.Build.0 = Release|Win32
		{94E424FA-D42C-325F-9220-BD6FE02F6605}.Debug|x64.ActiveCfg = Debug|x64
		{94E424FA-D42C-325F-9220-BD6FE02F6605}.Debug|x64.Build.0 = Debug|x64
		{94E424FA-D42C-325F-9220-BD6FE02F6605}.Debug|x86.ActiveCfg = Debug|x64
		{94E424FA-D42C-325F-9220-BD6FE02F6605}.MinSizeRel|x64.ActiveCfg = MinSizeRel|x64
		{94E424FA-D42C-325F-9220-BD6FE02F6605}.MinSizeRel|x64.Build.0 = MinSizeRel|x64
		{94E424FA-D42C-325F-9220-BD6FE02F6605}.MinSizeRel|x86.ActiveCfg = MinSizeRel|x64
		{94E424FA-D42C-325F-9220-BD6FE02F6605}.Release|x64.ActiveCfg = Release|x64
		{94E424FA-D42C-325F-9220-BD6FE02F6605}.Release|x64.Build.0 = Release|x64
		{94E424FA-D42C-325F-9220-BD6FE02F6605}.Release|x86.ActiveCfg = Release|x64
		{94E424FA-D42C-325F-9220-BD6FE02F6605}.RelWithDebInfo|x64.ActiveCfg = RelWithDebInfo|x64
		{94E424FA-D42C-325F-9220-BD6FE02F6605}.RelWithDebInfo|x64.Build.0 = RelWithDebInfo|x64
		{94E424FA-D42C-325F-9220-BD6FE02F6605}.RelWithDebInfo|x86.ActiveCfg = RelWithDebInfo|x64
		{4620913C-FF57-3EFD-A85F-1DD8C1063857}.Debug|x64.ActiveCfg = Debug|x64
		{4620913C-FF57-3EFD-A85F-1DD8C1063857}.Debug|x64.Build.0 = Debug|x64
		{4620913C-FF57-3EFD-A85F-1DD8C1063857}.Debug|x86.ActiveCfg = Debug|x64
		{4620913C-FF57-3EFD-A85F-1DD8C1063857}.MinSizeRel|x64.ActiveCfg = MinSizeRel|x64
		{4620913C-FF57-3EFD-A85F-1DD8C1063857}.MinSizeRel|x64.Build.0 = MinSizeRel|x64
		{4620913C-FF57-3EFD-A85F-1DD8C1063857}.MinSizeRel|x86.ActiveCfg = MinSizeRel|x64
		{4620913C-FF57-3EFD-A85F-1DD8C1063857}.Release|x64.ActiveCfg = Release|x64
		{4620913C-FF57-3EFD-A85F-1DD8C1063857}.Release|x64.Build.0 = Release|x64
		{4620913C-FF57-3EFD-A85F-1DD8C1063857}.Release|x86.ActiveCfg = Release|x64
		{4620913C-FF57-3EFD-A85F-1DD8C1063857}.RelWithDebInfo|x64.ActiveCfg = RelWithDebInfo|x64
		{4620913C-FF57-3EFD-A85F-1DD8C1063857}.RelWithDebInfo|x64.Build.0 = RelWithDebInfo|x64
		{4620913C-FF57-3EFD-A85F-1DD8C1063857}.RelWithDebInfo|x86.ActiveCfg = RelWithDebInfo|x64
		{0A788A52-6C8F-35DC-9195-39CD8A831CA4}.Debug|x64.ActiveCfg = Debug|x64
		{0A788A52-6C8F-35DC-9195-39CD8A831CA4}.Debug|x64.Build.0 = Debug|x64
		{0A788A52-6C8F-35DC-9195-39CD8A831CA4}.Debug|x86.ActiveCfg = Debug|x64
		{0A788A52-6C8F-35DC-9195-39CD8A831CA4}.MinSizeRel|x64.ActiveCfg = MinSizeRel|x64
		{0A788A52-6C8F-35DC-9195-39CD8A831CA4}.MinSizeRel|x64.Build.0 = MinSizeRel|x64
		{0A788A52-6C8F-35DC-9195-39CD8A831CA4}.MinSizeRel|x86.ActiveCfg = MinSizeRel|x64
		{0A788A52-6C8F-35DC-9195-39CD8A831CA4}.Release|x64.ActiveCfg = Release|x64
		{0A788A52-6C8F-35DC-9195-39CD8A831CA4}.Release|x64.Build.0 = Release|x64
		{0A788A52-6C8F-35DC-9195-39CD8A831CA4}.Release|x86.ActiveCfg = Release|x64
		{0A788A52-6C8F-35DC-9195-39CD8A831CA4}.RelWithDebInfo|x64.ActiveCfg = RelWithDebInfo|x64
		{0A788A52-6C8F-35DC-9195-39CD8A831CA4}.RelWithDebInfo|x64.Build.0 = RelWithDebInfo|x64
		{0A788A52-6C8F-35DC-9195-39CD8A831CA4}.RelWithDebInfo|x86.ActiveCfg = RelWithDebInfo|x64
		{46583D0E-B53B-3867-A0E0-815D5BF97C06}.Debug|x64.ActiveCfg = Debug|x64
		{46583D0E-B53B-3867-A0E0-815D5BF97C06}.Debug|x64.Build.0 = Debug|x64
		{46583D0E-B53B-3867-A0E0-815D5BF97C06}.Debug|x86.ActiveCfg = Debug|x64
		{46583D0E-B53B-3867-A0E0-815D5BF97C06}.MinSizeRel|x64.ActiveCfg = MinSizeRel|x64
		{46583D0E-B53B-3867-A0E0-815D5BF97C06}.MinSizeRel|x64.Build.0 = MinSizeRel|x64
		{46583D0E-B53B-3867-A0E0-815D5BF97C06}.MinSizeRel|x86.ActiveCfg = MinSizeRel|x64
		{46583D0E-B53B-3867-A0E0-815D5BF97C06}.Release|x64.ActiveCfg = Release|x64
		{46583D0E-B53B-3867-A0E0-815D5BF97C06}.Release|x64.Build.0 = Release|x64
		{46583D0E-B53B-3867-A0E0-815D5BF97C06}.Release|x86.ActiveCfg = Release|x64
		{46583D0E-B53B-3867-A0E0-815D5BF97C06}.RelWithDebInfo|x64.ActiveCfg = RelWithDebInfo|x64
		{46583D0E-B53B-3867-A0E0-815D5BF97C06}.RelWithDebInfo|x64.Build.0 = RelWithDebInfo|x64
		{46583D0E-B53B-3867-A0E0-815D5BF97C06}.RelWithDebInfo|x86.ActiveCfg = RelWithDebInfo|x64
	EndGlobalSection
	GlobalSection(SolutionProperties) = preSolution
		HideSolutionNode = FALSE
	EndGlobalSection
	GlobalSection(ExtensibilityGlobals) = postSolution
		SolutionGuid = {719F122D-5C45-4DDC-822C-D3172C0F90B7}
	EndGlobalSection
EndGlobal
