
Microsoft Visual Studio Solution File, Format Version 12.00
# Visual Studio Version 16
VisualStudioVersion = 16.0.31605.320
MinimumVisualStudioVersion = 10.0.40219.1
Project("{8BC9CEB8-8B4A-11D0-8D11-00A0C91BC942}") = "zecooEngine", "zecooEngine\zecooEngine.vcxproj", "{E3450B61-6D2E-403D-81D1-3C83452E3D9E}"
	ProjectSection(ProjectDependencies) = postProject
		{369F2650-628F-3668-9D21-32C0D28669E5} = {369F2650-628F-3668-9D21-32C0D28669E5}
		{46FA5E51-A304-3DF5-899F-0AA207726638} = {46FA5E51-A304-3DF5-899F-0AA207726638}
		{48120BC3-9288-32A5-A188-3BE0AD289EF5} = {48120BC3-9288-32A5-A188-3BE0AD289EF5}
		{B3E8E7DE-5C51-38BA-8932-C97687A7C6B5} = {B3E8E7DE-5C51-38BA-8932-C97687A7C6B5}
	EndProjectSection
EndProject
Project("{8BC9CEB8-8B4A-11D0-8D11-00A0C91BC942}") = "ZERO_CHECK", "zecooEngine\Vendor\bullet3-3.17\build\ZERO_CHECK.vcxproj", "{46FA5E51-A304-3DF5-899F-0AA207726638}"
EndProject
Project("{8BC9CEB8-8B4A-11D0-8D11-00A0C91BC942}") = "BulletCollision", "zecooEngine\Vendor\bullet3-3.17\build\src\BulletCollision\BulletCollision.vcxproj", "{48120BC3-9288-32A5-A188-3BE0AD289EF5}"
EndProject
Project("{8BC9CEB8-8B4A-11D0-8D11-00A0C91BC942}") = "BulletDynamics", "zecooEngine\Vendor\bullet3-3.17\build\src\BulletDynamics\BulletDynamics.vcxproj", "{369F2650-628F-3668-9D21-32C0D28669E5}"
EndProject
Project("{8BC9CEB8-8B4A-11D0-8D11-00A0C91BC942}") = "LinearMath", "zecooEngine\Vendor\bullet3-3.17\build\src\LinearMath\LinearMath.vcxproj", "{B3E8E7DE-5C51-38BA-8932-C97687A7C6B5}"
EndProject
Global
	GlobalSection(SolutionConfigurationPlatforms) = preSolution
		Debug|x64 = Debug|x64
		Debug|x86 = Debug|x86
		MinSizeRel|x64 = MinSizeRel|x64
		MinSizeRel|x86 = MinSizeRel|x86
		Release|x64 = Release|x64
		Release|x86 = Release|x86
		RelWithDebInfo|x64 = RelWithDebInfo|x64
		RelWithDebInfo|x86 = RelWithDebInfo|x86
	EndGlobalSection
	GlobalSection(ProjectConfigurationPlatforms) = postSolution
		{E3450B61-6D2E-403D-81D1-3C83452E3D9E}.Debug|x64.ActiveCfg = Debug|x64
		{E3450B61-6D2E-403D-81D1-3C83452E3D9E}.Debug|x64.Build.0 = Debug|x64
		{E3450B61-6D2E-403D-81D1-3C83452E3D9E}.Debug|x86.ActiveCfg = Debug|Win32
		{E3450B61-6D2E-403D-81D1-3C83452E3D9E}.Debug|x86.Build.0 = Debug|Win32
		{E3450B61-6D2E-403D-81D1-3C83452E3D9E}.MinSizeRel|x64.ActiveCfg = Release|x64
		{E3450B61-6D2E-403D-81D1-3C83452E3D9E}.MinSizeRel|x64.Build.0 = Release|x64
		{E3450B61-6D2E-403D-81D1-3C83452E3D9E}.MinSizeRel|x86.ActiveCfg = Release|Win32
		{E3450B61-6D2E-403D-81D1-3C83452E3D9E}.MinSizeRel|x86.Build.0 = Release|Win32
		{E3450B61-6D2E-403D-81D1-3C83452E3D9E}.Release|x64.ActiveCfg = Release|x64
		{E3450B61-6D2E-403D-81D1-3C83452E3D9E}.Release|x64.Build.0 = Release|x64
		{E3450B61-6D2E-403D-81D1-3C83452E3D9E}.Release|x86.ActiveCfg = Release|Win32
		{E3450B61-6D2E-403D-81D1-3C83452E3D9E}.Release|x86.Build.0 = Release|Win32
		{E3450B61-6D2E-403D-81D1-3C83452E3D9E}.RelWithDebInfo|x64.ActiveCfg = Release|x64
		{E3450B61-6D2E-403D-81D1-3C83452E3D9E}.RelWithDebInfo|x64.Build.0 = Release|x64
		{E3450B61-6D2E-403D-81D1-3C83452E3D9E}.RelWithDebInfo|x86.ActiveCfg = Release|Win32
		{E3450B61-6D2E-403D-81D1-3C83452E3D9E}.RelWithDebInfo|x86.Build.0 = Release|Win32
		{46FA5E51-A304-3DF5-899F-0AA207726638}.Debug|x64.ActiveCfg = Debug|x64
		{46FA5E51-A304-3DF5-899F-0AA207726638}.Debug|x64.Build.0 = Debug|x64
		{46FA5E51-A304-3DF5-899F-0AA207726638}.Debug|x86.ActiveCfg = Debug|x64
		{46FA5E51-A304-3DF5-899F-0AA207726638}.MinSizeRel|x64.ActiveCfg = MinSizeRel|x64
		{46FA5E51-A304-3DF5-899F-0AA207726638}.MinSizeRel|x64.Build.0 = MinSizeRel|x64
		{46FA5E51-A304-3DF5-899F-0AA207726638}.MinSizeRel|x86.ActiveCfg = MinSizeRel|x64
		{46FA5E51-A304-3DF5-899F-0AA207726638}.Release|x64.ActiveCfg = Release|x64
		{46FA5E51-A304-3DF5-899F-0AA207726638}.Release|x64.Build.0 = Release|x64
		{46FA5E51-A304-3DF5-899F-0AA207726638}.Release|x86.ActiveCfg = Release|x64
		{46FA5E51-A304-3DF5-899F-0AA207726638}.RelWithDebInfo|x64.ActiveCfg = RelWithDebInfo|x64
		{46FA5E51-A304-3DF5-899F-0AA207726638}.RelWithDebInfo|x64.Build.0 = RelWithDebInfo|x64
		{46FA5E51-A304-3DF5-899F-0AA207726638}.RelWithDebInfo|x86.ActiveCfg = RelWithDebInfo|x64
		{48120BC3-9288-32A5-A188-3BE0AD289EF5}.Debug|x64.ActiveCfg = Debug|x64
		{48120BC3-9288-32A5-A188-3BE0AD289EF5}.Debug|x64.Build.0 = Debug|x64
		{48120BC3-9288-32A5-A188-3BE0AD289EF5}.Debug|x86.ActiveCfg = Debug|x64
		{48120BC3-9288-32A5-A188-3BE0AD289EF5}.MinSizeRel|x64.ActiveCfg = MinSizeRel|x64
		{48120BC3-9288-32A5-A188-3BE0AD289EF5}.MinSizeRel|x64.Build.0 = MinSizeRel|x64
		{48120BC3-9288-32A5-A188-3BE0AD289EF5}.MinSizeRel|x86.ActiveCfg = MinSizeRel|x64
		{48120BC3-9288-32A5-A188-3BE0AD289EF5}.Release|x64.ActiveCfg = Release|x64
		{48120BC3-9288-32A5-A188-3BE0AD289EF5}.Release|x64.Build.0 = Release|x64
		{48120BC3-9288-32A5-A188-3BE0AD289EF5}.Release|x86.ActiveCfg = Release|x64
		{48120BC3-9288-32A5-A188-3BE0AD289EF5}.RelWithDebInfo|x64.ActiveCfg = RelWithDebInfo|x64
		{48120BC3-9288-32A5-A188-3BE0AD289EF5}.RelWithDebInfo|x64.Build.0 = RelWithDebInfo|x64
		{48120BC3-9288-32A5-A188-3BE0AD289EF5}.RelWithDebInfo|x86.ActiveCfg = RelWithDebInfo|x64
		{369F2650-628F-3668-9D21-32C0D28669E5}.Debug|x64.ActiveCfg = Debug|x64
		{369F2650-628F-3668-9D21-32C0D28669E5}.Debug|x64.Build.0 = Debug|x64
		{369F2650-628F-3668-9D21-32C0D28669E5}.Debug|x86.ActiveCfg = Debug|x64
		{369F2650-628F-3668-9D21-32C0D28669E5}.MinSizeRel|x64.ActiveCfg = MinSizeRel|x64
		{369F2650-628F-3668-9D21-32C0D28669E5}.MinSizeRel|x64.Build.0 = MinSizeRel|x64
		{369F2650-628F-3668-9D21-32C0D28669E5}.MinSizeRel|x86.ActiveCfg = MinSizeRel|x64
		{369F2650-628F-3668-9D21-32C0D28669E5}.Release|x64.ActiveCfg = Release|x64
		{369F2650-628F-3668-9D21-32C0D28669E5}.Release|x64.Build.0 = Release|x64
		{369F2650-628F-3668-9D21-32C0D28669E5}.Release|x86.ActiveCfg = Release|x64
		{369F2650-628F-3668-9D21-32C0D28669E5}.RelWithDebInfo|x64.ActiveCfg = RelWithDebInfo|x64
		{369F2650-628F-3668-9D21-32C0D28669E5}.RelWithDebInfo|x64.Build.0 = RelWithDebInfo|x64
		{369F2650-628F-3668-9D21-32C0D28669E5}.RelWithDebInfo|x86.ActiveCfg = RelWithDebInfo|x64
		{B3E8E7DE-5C51-38BA-8932-C97687A7C6B5}.Debug|x64.ActiveCfg = Debug|x64
		{B3E8E7DE-5C51-38BA-8932-C97687A7C6B5}.Debug|x64.Build.0 = Debug|x64
		{B3E8E7DE-5C51-38BA-8932-C97687A7C6B5}.Debug|x86.ActiveCfg = Debug|x64
		{B3E8E7DE-5C51-38BA-8932-C97687A7C6B5}.MinSizeRel|x64.ActiveCfg = MinSizeRel|x64
		{B3E8E7DE-5C51-38BA-8932-C97687A7C6B5}.MinSizeRel|x64.Build.0 = MinSizeRel|x64
		{B3E8E7DE-5C51-38BA-8932-C97687A7C6B5}.MinSizeRel|x86.ActiveCfg = MinSizeRel|x64
		{B3E8E7DE-5C51-38BA-8932-C97687A7C6B5}.Release|x64.ActiveCfg = Release|x64
		{B3E8E7DE-5C51-38BA-8932-C97687A7C6B5}.Release|x64.Build.0 = Release|x64
		{B3E8E7DE-5C51-38BA-8932-C97687A7C6B5}.Release|x86.ActiveCfg = Release|x64
		{B3E8E7DE-5C51-38BA-8932-C97687A7C6B5}.RelWithDebInfo|x64.ActiveCfg = RelWithDebInfo|x64
		{B3E8E7DE-5C51-38BA-8932-C97687A7C6B5}.RelWithDebInfo|x64.Build.0 = RelWithDebInfo|x64
		{B3E8E7DE-5C51-38BA-8932-C97687A7C6B5}.RelWithDebInfo|x86.ActiveCfg = RelWithDebInfo|x64
	EndGlobalSection
	GlobalSection(SolutionProperties) = preSolution
		HideSolutionNode = FALSE
	EndGlobalSection
	GlobalSection(ExtensibilityGlobals) = postSolution
		SolutionGuid = {719F122D-5C45-4DDC-822C-D3172C0F90B7}
	EndGlobalSection
EndGlobal
